
Microsoft Visual Studio Solution File, Format Version 12.00
# Visual Studio 15
VisualStudioVersion = 15.0.28307.1062
MinimumVisualStudioVersion = 10.0.40219.1
Project("{FAE04EC0-301F-11D3-BF4B-00C04F79EFBC}") = "Airline", "Airline\Airline.csproj", "{8680F3AF-33DE-415E-85D0-4FA90EB147C4}"
EndProject
Project("{FAE04EC0-301F-11D3-BF4B-00C04F79EFBC}") = "FastTicket", "FastTicket\FastTicket.csproj", "{7497E905-3DA9-4622-B9BB-8FA748D44F77}"
EndProject
Global
	GlobalSection(SolutionConfigurationPlatforms) = preSolution
		Debug|Any CPU = Debug|Any CPU
		Release|Any CPU = Release|Any CPU
	EndGlobalSection
	GlobalSection(ProjectConfigurationPlatforms) = postSolution
		{8680F3AF-33DE-415E-85D0-4FA90EB147C4}.Debug|Any CPU.ActiveCfg = Debug|Any CPU
		{8680F3AF-33DE-415E-85D0-4FA90EB147C4}.Debug|Any CPU.Build.0 = Debug|Any CPU
		{8680F3AF-33DE-415E-85D0-4FA90EB147C4}.Release|Any CPU.ActiveCfg = Release|Any CPU
		{8680F3AF-33DE-415E-85D0-4FA90EB147C4}.Release|Any CPU.Build.0 = Release|Any CPU
		{7497E905-3DA9-4622-B9BB-8FA748D44F77}.Debug|Any CPU.ActiveCfg = Debug|Any CPU
		{7497E905-3DA9-4622-B9BB-8FA748D44F77}.Debug|Any CPU.Build.0 = Debug|Any CPU
		{7497E905-3DA9-4622-B9BB-8FA748D44F77}.Release|Any CPU.ActiveCfg = Release|Any CPU
		{7497E905-3DA9-4622-B9BB-8FA748D44F77}.Release|Any CPU.Build.0 = Release|Any CPU
	EndGlobalSection
	GlobalSection(SolutionProperties) = preSolution
		HideSolutionNode = FALSE
	EndGlobalSection
	GlobalSection(ExtensibilityGlobals) = postSolution
		SolutionGuid = {38FE560A-56C0-41F9-9D03-91BF1D80750F}
	EndGlobalSection
EndGlobal
